// !$*UTF8*$!
{
	archiveVersion = 1;
	classes = {
	};
	objectVersion = 50;
	objects = {

/* Begin PBXBuildFile section */
		A33CFA0A24F692F0009B45AB /* AppDelegate.swift in Sources */ = {isa = PBXBuildFile; fileRef = A33CFA0924F692F0009B45AB /* AppDelegate.swift */; };
		A33CFA0C24F692F0009B45AB /* SceneDelegate.swift in Sources */ = {isa = PBXBuildFile; fileRef = A33CFA0B24F692F0009B45AB /* SceneDelegate.swift */; };
		A33CFA0E24F692F0009B45AB /* ViewController.swift in Sources */ = {isa = PBXBuildFile; fileRef = A33CFA0D24F692F0009B45AB /* ViewController.swift */; };
		A33CFA1124F692F0009B45AB /* Main.storyboard in Resources */ = {isa = PBXBuildFile; fileRef = A33CFA0F24F692F0009B45AB /* Main.storyboard */; };
		A33CFA1324F692F6009B45AB /* Assets.xcassets in Resources */ = {isa = PBXBuildFile; fileRef = A33CFA1224F692F6009B45AB /* Assets.xcassets */; };
		A33CFA1624F692F6009B45AB /* LaunchScreen.storyboard in Resources */ = {isa = PBXBuildFile; fileRef = A33CFA1424F692F6009B45AB /* LaunchScreen.storyboard */; };
/* End PBXBuildFile section */

/* Begin PBXFileReference section */
		A33CFA0624F692F0009B45AB /* Sport News.app */ = {isa = PBXFileReference; explicitFileType = wrapper.application; includeInIndex = 0; path = "Sport News.app"; sourceTree = BUILT_PRODUCTS_DIR; };
		A33CFA0924F692F0009B45AB /* AppDelegate.swift */ = {isa = PBXFileReference; lastKnownFileType = sourcecode.swift; path = AppDelegate.swift; sourceTree = "<group>"; };
		A33CFA0B24F692F0009B45AB /* SceneDelegate.swift */ = {isa = PBXFileReference; lastKnownFileType = sourcecode.swift; path = SceneDelegate.swift; sourceTree = "<group>"; };
		A33CFA0D24F692F0009B45AB /* ViewController.swift */ = {isa = PBXFileReference; lastKnownFileType = sourcecode.swift; path = ViewController.swift; sourceTree = "<group>"; };
		A33CFA1024F692F0009B45AB /* Base */ = {isa = PBXFileReference; lastKnownFileType = file.storyboard; name = Base; path = Base.lproj/Main.storyboard; sourceTree = "<group>"; };
		A33CFA1224F692F6009B45AB /* Assets.xcassets */ = {isa = PBXFileReference; lastKnownFileType = folder.assetcatalog; path = Assets.xcassets; sourceTree = "<group>"; };
		A33CFA1524F692F6009B45AB /* Base */ = {isa = PBXFileReference; lastKnownFileType = file.storyboard; name = Base; path = Base.lproj/LaunchScreen.storyboard; sourceTree = "<group>"; };
		A33CFA1724F692F6009B45AB /* Info.plist */ = {isa = PBXFileReference; lastKnownFileType = text.plist.xml; path = Info.plist; sourceTree = "<group>"; };
/* End PBXFileReference section */

/* Begin PBXFrameworksBuildPhase section */
		A33CFA0324F692F0009B45AB /* Frameworks */ = {
			isa = PBXFrameworksBuildPhase;
			buildActionMask = 2147483647;
			files = (
			);
			runOnlyForDeploymentPostprocessing = 0;
		};
/* End PBXFrameworksBuildPhase section */

/* Begin PBXGroup section */
		A33CF9FD24F692F0009B45AB = {
			isa = PBXGroup;
			children = (
				A33CFA0824F692F0009B45AB /* Sport News */,
				A33CFA0724F692F0009B45AB /* Products */,
			);
			sourceTree = "<group>";
		};
		A33CFA0724F692F0009B45AB /* Products */ = {
			isa = PBXGroup;
			children = (
				A33CFA0624F692F0009B45AB /* Sport News.app */,
			);
			name = Products;
			sourceTree = "<group>";
		};
		A33CFA0824F692F0009B45AB /* Sport News */ = {
			isa = PBXGroup;
			children = (
				A33CFA0924F692F0009B45AB /* AppDelegate.swift */,
				A33CFA0B24F692F0009B45AB /* SceneDelegate.swift */,
				A33CFA0D24F692F0009B45AB /* ViewController.swift */,
				A33CFA0F24F692F0009B45AB /* Main.storyboard */,
				A33CFA1224F692F6009B45AB /* Assets.xcassets */,
				A33CFA1424F692F6009B45AB /* LaunchScreen.storyboard */,
				A33CFA1724F692F6009B45AB /* Info.plist */,
			);
			path = "Sport News";
			sourceTree = "<group>";
		};
/* End PBXGroup section */

/* Begin PBXNativeTarget section */
		A33CFA0524F692F0009B45AB /* Sport News */ = {
			isa = PBXNativeTarget;
			buildConfigurationList = A33CFA1A24F692F6009B45AB /* Build configuration list for PBXNativeTarget "Sport News" */;
			buildPhases = (
				A33CFA0224F692F0009B45AB /* Sources */,
				A33CFA0324F692F0009B45AB /* Frameworks */,
				A33CFA0424F692F0009B45AB /* Resources */,
			);
			buildRules = (
			);
			dependencies = (
			);
			name = "Sport News";
			productName = "Sport News";
			productReference = A33CFA0624F692F0009B45AB /* Sport News.app */;
			productType = "com.apple.product-type.application";
		};
/* End PBXNativeTarget section */

/* Begin PBXProject section */
		A33CF9FE24F692F0009B45AB /* Project object */ = {
			isa = PBXProject;
			attributes = {
				LastSwiftUpdateCheck = 1150;
				LastUpgradeCheck = 1150;
				ORGANIZATIONNAME = Adilzhan;
				TargetAttributes = {
					A33CFA0524F692F0009B45AB = {
						CreatedOnToolsVersion = 11.5;
					};
				};
			};
			buildConfigurationList = A33CFA0124F692F0009B45AB /* Build configuration list for PBXProject "Sport News" */;
			compatibilityVersion = "Xcode 9.3";
			developmentRegion = en;
			hasScannedForEncodings = 0;
			knownRegions = (
				en,
				Base,
			);
			mainGroup = A33CF9FD24F692F0009B45AB;
			productRefGroup = A33CFA0724F692F0009B45AB /* Products */;
			projectDirPath = "";
			projectRoot = "";
			targets = (
				A33CFA0524F692F0009B45AB /* Sport News */,
			);
		};
/* End PBXProject section */

/* Begin PBXResourcesBuildPhase section */
		A33CFA0424F692F0009B45AB /* Resources */ = {
			isa = PBXResourcesBuildPhase;
			buildActionMask = 2147483647;
			files = (
				A33CFA1624F692F6009B45AB /* LaunchScreen.storyboard in Resources */,
				A33CFA1324F692F6009B45AB /* Assets.xcassets in Resources */,
				A33CFA1124F692F0009B45AB /* Main.storyboard in Resources */,
			);
			runOnlyForDeploymentPostprocessing = 0;
		};
/* End PBXResourcesBuildPhase section */

/* Begin PBXSourcesBuildPhase section */
		A33CFA0224F692F0009B45AB /* Sources */ = {
			isa = PBXSourcesBuildPhase;
			buildActionMask = 2147483647;
			files = (
				A33CFA0E24F692F0009B45AB /* ViewController.swift in Sources */,
				A33CFA0A24F692F0009B45AB /* AppDelegate.swift in Sources */,
				A33CFA0C24F692F0009B45AB /* SceneDelegate.swift in Sources */,
			);
			runOnlyForDeploymentPostprocessing = 0;
		};
/* End PBXSourcesBuildPhase section */

/* Begin PBXVariantGroup section */
		A33CFA0F24F692F0009B45AB /* Main.storyboard */ = {
			isa = PBXVariantGroup;
			children = (
				A33CFA1024F692F0009B45AB /* Base */,
			);
			name = Main.storyboard;
			sourceTree = "<group>";
		};
		A33CFA1424F692F6009B45AB /* LaunchScreen.storyboard */ = {
			isa = PBXVariantGroup;
			children = (
				A33CFA1524F692F6009B45AB /* Base */,
			);
			name = LaunchScreen.storyboard;
			sourceTree = "<group>";
		};
/* End PBXVariantGroup section */

/* Begin XCBuildConfiguration section */
		A33CFA1824F692F6009B45AB /* Debug */ = {
			isa = XCBuildConfiguration;
			buildSettings = {
				ALWAYS_SEARCH_USER_PATHS = NO;
				CLANG_ANALYZER_NONNULL = YES;
				CLANG_ANALYZER_NUMBER_OBJECT_CONVERSION = YES_AGGRESSIVE;
				CLANG_CXX_LANGUAGE_STANDARD = "gnu++14";
				CLANG_CXX_LIBRARY = "libc++";
				CLANG_ENABLE_MODULES = YES;
				CLANG_ENABLE_OBJC_ARC = YES;
				CLANG_ENABLE_OBJC_WEAK = YES;
				CLANG_WARN_BLOCK_CAPTURE_AUTORELEASING = YES;
				CLANG_WARN_BOOL_CONVERSION = YES;
				CLANG_WARN_COMMA = YES;
				CLANG_WARN_CONSTANT_CONVERSION = YES;
				CLANG_WARN_DEPRECATED_OBJC_IMPLEMENTATIONS = YES;
				CLANG_WARN_DIRECT_OBJC_ISA_USAGE = YES_ERROR;
				CLANG_WARN_DOCUMENTATION_COMMENTS = YES;
				CLANG_WARN_EMPTY_BODY = YES;
				CLANG_WARN_ENUM_CONVERSION = YES;
				CLANG_WARN_INFINITE_RECURSION = YES;
				CLANG_WARN_INT_CONVERSION = YES;
				CLANG_WARN_NON_LITERAL_NULL_CONVERSION = YES;
				CLANG_WARN_OBJC_IMPLICIT_RETAIN_SELF = YES;
				CLANG_WARN_OBJC_LITERAL_CONVERSION = YES;
				CLANG_WARN_OBJC_ROOT_CLASS = YES_ERROR;
				CLANG_WARN_RANGE_LOOP_ANALYSIS = YES;
				CLANG_WARN_STRICT_PROTOTYPES = YES;
				CLANG_WARN_SUSPICIOUS_MOVE = YES;
				CLANG_WARN_UNGUARDED_AVAILABILITY = YES_AGGRESSIVE;
				CLANG_WARN_UNREACHABLE_CODE = YES;
				CLANG_WARN__DUPLICATE_METHOD_MATCH = YES;
				COPY_PHASE_STRIP = NO;
				DEBUG_INFORMATION_FORMAT = dwarf;
				ENABLE_STRICT_OBJC_MSGSEND = YES;
				ENABLE_TESTABILITY = YES;
				GCC_C_LANGUAGE_STANDARD = gnu11;
				GCC_DYNAMIC_NO_PIC = NO;
				GCC_NO_COMMON_BLOCKS = YES;
				GCC_OPTIMIZATION_LEVEL = 0;
				GCC_PREPROCESSOR_DEFINITIONS = (
					"DEBUG=1",
					"$(inherited)",
				);
				GCC_WARN_64_TO_32_BIT_CONVERSION = YES;
				GCC_WARN_ABOUT_RETURN_TYPE = YES_ERROR;
				GCC_WARN_UNDECLARED_SELECTOR = YES;
				GCC_WARN_UNINITIALIZED_AUTOS = YES_AGGRESSIVE;
				GCC_WARN_UNUSED_FUNCTION = YES;
				GCC_WARN_UNUSED_VARIABLE = YES;
				IPHONEOS_DEPLOYMENT_TARGET = 13.5;
				MTL_ENABLE_DEBUG_INFO = INCLUDE_SOURCE;
				MTL_FAST_MATH = YES;
				ONLY_ACTIVE_ARCH = YES;
				SDKROOT = iphoneos;
				SWIFT_ACTIVE_COMPILATION_CONDITIONS = DEBUG;
				SWIFT_OPTIMIZATION_LEVEL = "-Onone";
			};
			name = Debug;
		};
		A33CFA1924F692F6009B45AB /* Release */ = {
			isa = XCBuildConfiguration;
			buildSettings = {
				ALWAYS_SEARCH_USER_PATHS = NO;
				CLANG_ANALYZER_NONNULL = YES;
				CLANG_ANALYZER_NUMBER_OBJECT_CONVERSION = YES_AGGRESSIVE;
				CLANG_CXX_LANGUAGE_STANDARD = "gnu++14";
				CLANG_CXX_LIBRARY = "libc++";
				CLANG_ENABLE_MODULES = YES;
				CLANG_ENABLE_OBJC_ARC = YES;
				CLANG_ENABLE_OBJC_WEAK = YES;
				CLANG_WARN_BLOCK_CAPTURE_AUTORELEASING = YES;
				CLANG_WARN_BOOL_CONVERSION = YES;
				CLANG_WARN_COMMA = YES;
				CLANG_WARN_CONSTANT_CONVERSION = YES;
				CLANG_WARN_DEPRECATED_OBJC_IMPLEMENTATIONS = YES;
				CLANG_WARN_DIRECT_OBJC_ISA_USAGE = YES_ERROR;
				CLANG_WARN_DOCUMENTATION_COMMENTS = YES;
				CLANG_WARN_EMPTY_BODY = YES;
				CLANG_WARN_ENUM_CONVERSION = YES;
				CLANG_WARN_INFINITE_RECURSION = YES;
				CLANG_WARN_INT_CONVERSION = YES;
				CLANG_WARN_NON_LITERAL_NULL_CONVERSION = YES;
				CLANG_WARN_OBJC_IMPLICIT_RETAIN_SELF = YES;
				CLANG_WARN_OBJC_LITERAL_CONVERSION = YES;
				CLANG_WARN_OBJC_ROOT_CLASS = YES_ERROR;
				CLANG_WARN_RANGE_LOOP_ANALYSIS = YES;
				CLANG_WARN_STRICT_PROTOTYPES = YES;
				CLANG_WARN_SUSPICIOUS_MOVE = YES;
				CLANG_WARN_UNGUARDED_AVAILABILITY = YES_AGGRESSIVE;
				CLANG_WARN_UNREACHABLE_CODE = YES;
				CLANG_WARN__DUPLICATE_METHOD_MATCH = YES;
				COPY_PHASE_STRIP = NO;
				DEBUG_INFORMATION_FORMAT = "dwarf-with-dsym";
				ENABLE_NS_ASSERTIONS = NO;
				ENABLE_STRICT_OBJC_MSGSEND = YES;
				GCC_C_LANGUAGE_STANDARD = gnu11;
				GCC_NO_COMMON_BLOCKS = YES;
				GCC_WARN_64_TO_32_BIT_CONVERSION = YES;
				GCC_WARN_ABOUT_RETURN_TYPE = YES_ERROR;
				GCC_WARN_UNDECLARED_SELECTOR = YES;
				GCC_WARN_UNINITIALIZED_AUTOS = YES_AGGRESSIVE;
				GCC_WARN_UNUSED_FUNCTION = YES;
				GCC_WARN_UNUSED_VARIABLE = YES;
				IPHONEOS_DEPLOYMENT_TARGET = 13.5;
				MTL_ENABLE_DEBUG_INFO = NO;
				MTL_FAST_MATH = YES;
				SDKROOT = iphoneos;
				SWIFT_COMPILATION_MODE = wholemodule;
				SWIFT_OPTIMIZATION_LEVEL = "-O";
				VALIDATE_PRODUCT = YES;
			};
			name = Release;
		};
		A33CFA1B24F692F6009B45AB /* Debug */ = {
			isa = XCBuildConfiguration;
			buildSettings = {
				ASSETCATALOG_COMPILER_APPICON_NAME = AppIcon;
				CODE_SIGN_STYLE = Automatic;
				DEVELOPMENT_TEAM = JL2KKDNH2C;
				INFOPLIST_FILE = "Sport News/Info.plist";
				LD_RUNPATH_SEARCH_PATHS = (
					"$(inherited)",
					"@executable_path/Frameworks",
				);
				PRODUCT_BUNDLE_IDENTIFIER = "GuarX.Sport-News";
				PRODUCT_NAME = "$(TARGET_NAME)";
				SWIFT_VERSION = 5.0;
				TARGETED_DEVICE_FAMILY = "1,2";
			};
			name = Debug;
		};
		A33CFA1C24F692F6009B45AB /* Release */ = {
			isa = XCBuildConfiguration;
			buildSettings = {
				ASSETCATALOG_COMPILER_APPICON_NAME = AppIcon;
				CODE_SIGN_STYLE = Automatic;
				DEVELOPMENT_TEAM = JL2KKDNH2C;
				INFOPLIST_FILE = "Sport News/Info.plist";
				LD_RUNPATH_SEARCH_PATHS = (
					"$(inherited)",
					"@executable_path/Frameworks",
				);
				PRODUCT_BUNDLE_IDENTIFIER = "GuarX.Sport-News";
				PRODUCT_NAME = "$(TARGET_NAME)";
				SWIFT_VERSION = 5.0;
				TARGETED_DEVICE_FAMILY = "1,2";
			};
			name = Release;
		};
/* End XCBuildConfiguration section */

/* Begin XCConfigurationList section */
		A33CFA0124F692F0009B45AB /* Build configuration list for PBXProject "Sport News" */ = {
			isa = XCConfigurationList;
			buildConfigurations = (
				A33CFA1824F692F6009B45AB /* Debug */,
				A33CFA1924F692F6009B45AB /* Release */,
			);
			defaultConfigurationIsVisible = 0;
			defaultConfigurationName = Release;
		};
		A33CFA1A24F692F6009B45AB /* Build configuration list for PBXNativeTarget "Sport News" */ = {
			isa = XCConfigurationList;
			buildConfigurations = (
				A33CFA1B24F692F6009B45AB /* Debug */,
				A33CFA1C24F692F6009B45AB /* Release */,
			);
			defaultConfigurationIsVisible = 0;
			defaultConfigurationName = Release;
		};
/* End XCConfigurationList section */
	};
	rootObject = A33CF9FE24F692F0009B45AB /* Project object */;
}
